
Microsoft Visual Studio Solution File, Format Version 12.00
# Visual Studio Version 17
VisualStudioVersion = 17.14.36414.22
MinimumVisualStudioVersion = 10.0.40219.1
Project("{FAE04EC0-301F-11D3-BF4B-00C04F79EFBC}") = "WebApi", "WebApi\WebApi.csproj", "{2192F5E0-37D6-4760-A2D2-7344BB4C0626}"
EndProject
Global
	GlobalSection(SolutionConfigurationPlatforms) = preSolution
		Debug|Any CPU = Debug|Any CPU
		Release|Any CPU = Release|Any CPU
	EndGlobalSection
	GlobalSection(ProjectConfigurationPlatforms) = postSolution
		{2192F5E0-37D6-4760-A2D2-7344BB4C0626}.Debug|Any CPU.ActiveCfg = Debug|Any CPU
		{2192F5E0-37D6-4760-A2D2-7344BB4C0626}.Debug|Any CPU.Build.0 = Debug|Any CPU
		{2192F5E0-37D6-4760-A2D2-7344BB4C0626}.Release|Any CPU.ActiveCfg = Release|Any CPU
		{2192F5E0-37D6-4760-A2D2-7344BB4C0626}.Release|Any CPU.Build.0 = Release|Any CPU
	EndGlobalSection
	GlobalSection(SolutionProperties) = preSolution
		HideSolutionNode = FALSE
	EndGlobalSection
	GlobalSection(ExtensibilityGlobals) = postSolution
		SolutionGuid = {809FFEA2-32C6-4FA6-A123-E0CAFE70A32F}
	EndGlobalSection
EndGlobal
